{
  "nodes": {
    "cl-nix-lite": {
      "locked": {
        "lastModified": 1716328853,
        "narHash": "sha256-4kcAZIDHqxbbEh+EjcK8J/lG3pRK0Ctc1oMGtNyPdNw=",
        "owner": "hraban",
        "repo": "cl-nix-lite",
        "rev": "77f82735ad78e76a4dbad97fd838a2dac243b143",
        "type": "github"
      },
      "original": {
        "owner": "hraban",
        "repo": "cl-nix-lite",
        "type": "github"
      }
    },
    "flake-utils": {
      "inputs": {
        "systems": "systems"
      },
      "locked": {
        "lastModified": 1710146030,
        "narHash": "sha256-SZ5L6eA7HJ/nmkzGG7/ISclqe6oZdOZTNoesiInkXPQ=",
        "owner": "numtide",
        "repo": "flake-utils",
        "rev": "b1d9ab70662946ef0850d488da1c9019f3a9752a",
        "type": "github"
      },
      "original": {
        "id": "flake-utils",
        "type": "indirect"
      }
    },
    "hello-world": {
      "flake": false,
      "locked": {
        "lastModified": 1703440072,
        "narHash": "sha256-4MlMYGoQWUHcJwZlPM0hNfxES/fZ3B2W2xag745nbLs=",
        "owner": "~hraban",
        "repo": "hello-world",
        "rev": "9c5cf168d0cacfb3dc623bf5b669d04ba29ef2f9",
        "type": "sourcehut"
      },
      "original": {
        "owner": "~hraban",
        "repo": "hello-world",
        "type": "sourcehut"
      }
    },
    "nixpkgs": {
      "locked": {
        "lastModified": 1715653339,
        "narHash": "sha256-7lR9tpVXviSccl07GXI0+ve/natd24HAkuy1sQp0OlI=",
        "owner": "NixOS",
        "repo": "nixpkgs",
        "rev": "abd6d48f8c77bea7dc51beb2adfa6ed3950d2585",
        "type": "github"
      },
      "original": {
        "id": "nixpkgs",
        "type": "indirect"
      }
    },
    "root": {
      "inputs": {
        "cl-nix-lite": "cl-nix-lite",
        "flake-utils": "flake-utils",
        "hello-world": "hello-world",
        "nixpkgs": "nixpkgs"
      }
    },
    "systems": {
      "locked": {
        "lastModified": 1681028828,
        "narHash": "sha256-Vy1rq5AaRuLzOxct8nz4T6wlgyUR7zLU309k9mBC768=",
        "owner": "nix-systems",
        "repo": "default",
        "rev": "da67096a3b9bf56a91d16901293e51ba5b49a27e",
        "type": "github"
      },
      "original": {
        "owner": "nix-systems",
        "repo": "default",
        "type": "github"
      }
    }
  },
  "root": "root",
  "version": 7
}
