{
  "nodes": {
    "asdf-src": {
      "flake": false,
      "locked": {
        "lastModified": 1668734764,
        "narHash": "sha256-9pYtv8aUurqrjL9IA0YpBGdWaZO7xKKXppe43nj+ays=",
        "ref": "refs/heads/master",
        "rev": "fe6e3ab741c71ecebc8503e20637d4c940326421",
        "revCount": 4040,
        "type": "git",
        "url": "https://gitlab.common-lisp.net/asdf/asdf"
      },
      "original": {
        "type": "git",
        "url": "https://gitlab.common-lisp.net/asdf/asdf"
      }
    },
    "cl-nix-lite": {
      "flake": false,
      "locked": {
        "lastModified": 1678950438,
        "narHash": "sha256-83T0hqi6jHlc2Jq1t1dLu0vAPnIrwnoyOofaNQvOOd0=",
        "owner": "hraban",
        "repo": "cl-nix-lite",
        "rev": "432ad69f2bf1b5d843e981b020922af54f1eb28c",
        "type": "github"
      },
      "original": {
        "owner": "hraban",
        "repo": "cl-nix-lite",
        "type": "github"
      }
    },
    "flake-utils": {
      "locked": {
        "lastModified": 1678901627,
        "narHash": "sha256-U02riOqrKKzwjsxc/400XnElV+UtPUQWpANPlyazjH0=",
        "owner": "numtide",
        "repo": "flake-utils",
        "rev": "93a2b84fc4b70d9e089d029deacc3583435c2ed6",
        "type": "github"
      },
      "original": {
        "owner": "numtide",
        "repo": "flake-utils",
        "type": "github"
      }
    },
    "nixpkgs": {
      "locked": {
        "lastModified": 1676790509,
        "narHash": "sha256-W9uWAWokgS8US8rJf79qBLS2M+ZgIscfoz+KsNE7VGQ=",
        "owner": "NixOS",
        "repo": "nixpkgs",
        "rev": "a1291d0d020a200c7ce3c48e96090bfa4890a475",
        "type": "github"
      },
      "original": {
        "id": "nixpkgs",
        "type": "indirect"
      }
    },
    "root": {
      "inputs": {
        "asdf-src": "asdf-src",
        "cl-nix-lite": "cl-nix-lite",
        "flake-utils": "flake-utils",
        "nixpkgs": "nixpkgs"
      }
    }
  },
  "root": "root",
  "version": 7
}
