{
  "nodes": {
    "cl-nix-lite": {
      "locked": {
        "lastModified": 1697486992,
        "narHash": "sha256-fkL1W2kNbG1aSo01fWjio8UY5dI1XQKxNPq3YjG9Bx4=",
        "owner": "hraban",
        "repo": "cl-nix-lite",
        "rev": "937a1d3ad2e6fbd5dc3b2feaa34f539054f29f46",
        "type": "github"
      },
      "original": {
        "owner": "hraban",
        "repo": "cl-nix-lite",
        "type": "github"
      }
    },
    "fauxlexandria": {
      "flake": false,
      "locked": {
        "lastModified": 1694322241,
        "narHash": "sha256-sTz9MI5vVORG8olmoUtYNreAkqW34yQZ0cu78AhAevM=",
        "owner": "hraban",
        "repo": "fauxlexandria",
        "rev": "aa0dc79717b4284cdcf1b5900bc6dbf2047b67bc",
        "type": "github"
      },
      "original": {
        "owner": "hraban",
        "repo": "fauxlexandria",
        "type": "github"
      }
    },
    "flake-utils": {
      "inputs": {
        "systems": "systems"
      },
      "locked": {
        "lastModified": 1694529238,
        "narHash": "sha256-zsNZZGTGnMOf9YpHKJqMSsa0dXbfmxeoJ7xHlrt+xmY=",
        "owner": "numtide",
        "repo": "flake-utils",
        "rev": "ff7b65b44d01cf9ba6a71320833626af21126384",
        "type": "github"
      },
      "original": {
        "id": "flake-utils",
        "type": "indirect"
      }
    },
    "nixpkgs": {
      "locked": {
        "lastModified": 1697688401,
        "narHash": "sha256-61QlajY7R9PbK25uFl55zh968CVNspwXX1zzimic4Uo=",
        "owner": "NixOS",
        "repo": "nixpkgs",
        "rev": "458ef9126aa380996d77d44f53f886c2d8485f53",
        "type": "github"
      },
      "original": {
        "id": "nixpkgs",
        "type": "indirect"
      }
    },
    "root": {
      "inputs": {
        "cl-nix-lite": "cl-nix-lite",
        "fauxlexandria": "fauxlexandria",
        "flake-utils": "flake-utils",
        "nixpkgs": "nixpkgs"
      }
    },
    "systems": {
      "locked": {
        "lastModified": 1681028828,
        "narHash": "sha256-Vy1rq5AaRuLzOxct8nz4T6wlgyUR7zLU309k9mBC768=",
        "owner": "nix-systems",
        "repo": "default",
        "rev": "da67096a3b9bf56a91d16901293e51ba5b49a27e",
        "type": "github"
      },
      "original": {
        "owner": "nix-systems",
        "repo": "default",
        "type": "github"
      }
    }
  },
  "root": "root",
  "version": 7
}
