{
  "nodes": {
    "cl-nix-lite": {
      "locked": {
        "dirtyRev": "c599743fd5ba58702a2833a7976f81f9e01a81e5-dirty",
        "dirtyShortRev": "c599743-dirty",
        "lastModified": 1696132091,
        "narHash": "sha256-HHrrtZEYEE8Y0kiFSY08AOku/WPl1XXhxEbwdHJvcIA=",
        "type": "git",
        "url": "file:///Users/user/code/personal/cl-nix-lite"
      },
      "original": {
        "owner": "hraban",
        "repo": "cl-nix-lite",
        "type": "github"
      }
    },
    "fauxlexandria": {
      "flake": false,
      "locked": {
        "lastModified": 1694322241,
        "narHash": "sha256-sTz9MI5vVORG8olmoUtYNreAkqW34yQZ0cu78AhAevM=",
        "owner": "hraban",
        "repo": "fauxlexandria",
        "rev": "aa0dc79717b4284cdcf1b5900bc6dbf2047b67bc",
        "type": "github"
      },
      "original": {
        "owner": "hraban",
        "repo": "fauxlexandria",
        "type": "github"
      }
    },
    "flake-utils": {
      "inputs": {
        "systems": "systems"
      },
      "locked": {
        "lastModified": 1692799911,
        "narHash": "sha256-3eihraek4qL744EvQXsK1Ha6C3CR7nnT8X2qWap4RNk=",
        "owner": "numtide",
        "repo": "flake-utils",
        "rev": "f9e7cf818399d17d347f847525c5a5a8032e4e44",
        "type": "github"
      },
      "original": {
        "id": "flake-utils",
        "type": "indirect"
      }
    },
    "nixpkgs": {
      "locked": {
        "lastModified": 1693780807,
        "narHash": "sha256-diV1X53HjSB3fIcDFieh9tGZkJ3vqJJQhTz89NbYw60=",
        "path": "/nix/store/69snz0369qhm5k2wh18snsj7m2a3af6q-source",
        "rev": "84ef5335abf541d8148433489e0cf79affae3f89",
        "type": "path"
      },
      "original": {
        "id": "nixpkgs",
        "type": "indirect"
      }
    },
    "root": {
      "inputs": {
        "cl-nix-lite": "cl-nix-lite",
        "fauxlexandria": "fauxlexandria",
        "flake-utils": "flake-utils",
        "nixpkgs": "nixpkgs"
      }
    },
    "systems": {
      "locked": {
        "lastModified": 1681028828,
        "narHash": "sha256-Vy1rq5AaRuLzOxct8nz4T6wlgyUR7zLU309k9mBC768=",
        "owner": "nix-systems",
        "repo": "default",
        "rev": "da67096a3b9bf56a91d16901293e51ba5b49a27e",
        "type": "github"
      },
      "original": {
        "owner": "nix-systems",
        "repo": "default",
        "type": "github"
      }
    }
  },
  "root": "root",
  "version": 7
}
